// !$*UTF8*$!
{
	archiveVersion = 1;
	classes = {
	};
	objectVersion = 50;
	objects = {

/* Begin PBXBuildFile section */
		9ECA01DB21F91A6200743771 /* AppDelegate.swift in Sources */ = {isa = PBXBuildFile; fileRef = 9ECA01DA21F91A6200743771 /* AppDelegate.swift */; };
		9ECA01E021F91A6300743771 /* Main.storyboard in Resources */ = {isa = PBXBuildFile; fileRef = 9ECA01DE21F91A6300743771 /* Main.storyboard */; };
		9ECA01E221F91A8300743771 /* Assets.xcassets in Resources */ = {isa = PBXBuildFile; fileRef = 9ECA01E121F91A8300743771 /* Assets.xcassets */; };
		9ECA01E521F91A8400743771 /* LaunchScreen.storyboard in Resources */ = {isa = PBXBuildFile; fileRef = 9ECA01E321F91A8400743771 /* LaunchScreen.storyboard */; };
		9ECA01ED21F91BA700743771 /* Photo.swift in Sources */ = {isa = PBXBuildFile; fileRef = 9ECA01EC21F91BA700743771 /* Photo.swift */; };
		9ECA01EF21F91C6100743771 /* PhotoController.swift in Sources */ = {isa = PBXBuildFile; fileRef = 9ECA01EE21F91C6100743771 /* PhotoController.swift */; };
		9ECA01F321F91FCC00743771 /* ThemeHelper.swift in Sources */ = {isa = PBXBuildFile; fileRef = 9ECA01F221F91FCC00743771 /* ThemeHelper.swift */; };
		9ECA01F521F9280400743771 /* PhotoCollectionViewController.swift in Sources */ = {isa = PBXBuildFile; fileRef = 9ECA01F421F9280400743771 /* PhotoCollectionViewController.swift */; };
		9ECA01F721F9281B00743771 /* PhotoCollectionViewCell.swift in Sources */ = {isa = PBXBuildFile; fileRef = 9ECA01F621F9281B00743771 /* PhotoCollectionViewCell.swift */; };
		9ECA01F921F9284200743771 /* ThemeSelectionViewController.swift in Sources */ = {isa = PBXBuildFile; fileRef = 9ECA01F821F9284200743771 /* ThemeSelectionViewController.swift */; };
		9ECA01FB21F9285B00743771 /* PhotoDetailViewController.swift in Sources */ = {isa = PBXBuildFile; fileRef = 9ECA01FA21F9285B00743771 /* PhotoDetailViewController.swift */; };
/* End PBXBuildFile section */

/* Begin PBXFileReference section */
		9ECA01D721F91A6200743771 /* MyPhotoCollection.app */ = {isa = PBXFileReference; explicitFileType = wrapper.application; includeInIndex = 0; path = MyPhotoCollection.app; sourceTree = BUILT_PRODUCTS_DIR; };
		9ECA01DA21F91A6200743771 /* AppDelegate.swift */ = {isa = PBXFileReference; lastKnownFileType = sourcecode.swift; path = AppDelegate.swift; sourceTree = "<group>"; };
		9ECA01DF21F91A6300743771 /* Base */ = {isa = PBXFileReference; lastKnownFileType = file.storyboard; name = Base; path = Base.lproj/Main.storyboard; sourceTree = "<group>"; };
		9ECA01E121F91A8300743771 /* Assets.xcassets */ = {isa = PBXFileReference; lastKnownFileType = folder.assetcatalog; path = Assets.xcassets; sourceTree = "<group>"; };
		9ECA01E421F91A8400743771 /* Base */ = {isa = PBXFileReference; lastKnownFileType = file.storyboard; name = Base; path = Base.lproj/LaunchScreen.storyboard; sourceTree = "<group>"; };
		9ECA01E621F91A8400743771 /* Info.plist */ = {isa = PBXFileReference; lastKnownFileType = text.plist.xml; path = Info.plist; sourceTree = "<group>"; };
		9ECA01EC21F91BA700743771 /* Photo.swift */ = {isa = PBXFileReference; lastKnownFileType = sourcecode.swift; path = Photo.swift; sourceTree = "<group>"; };
		9ECA01EE21F91C6100743771 /* PhotoController.swift */ = {isa = PBXFileReference; lastKnownFileType = sourcecode.swift; path = PhotoController.swift; sourceTree = "<group>"; };
		9ECA01F221F91FCC00743771 /* ThemeHelper.swift */ = {isa = PBXFileReference; lastKnownFileType = sourcecode.swift; path = ThemeHelper.swift; sourceTree = "<group>"; };
		9ECA01F421F9280400743771 /* PhotoCollectionViewController.swift */ = {isa = PBXFileReference; lastKnownFileType = sourcecode.swift; path = PhotoCollectionViewController.swift; sourceTree = "<group>"; };
		9ECA01F621F9281B00743771 /* PhotoCollectionViewCell.swift */ = {isa = PBXFileReference; lastKnownFileType = sourcecode.swift; path = PhotoCollectionViewCell.swift; sourceTree = "<group>"; };
		9ECA01F821F9284200743771 /* ThemeSelectionViewController.swift */ = {isa = PBXFileReference; lastKnownFileType = sourcecode.swift; path = ThemeSelectionViewController.swift; sourceTree = "<group>"; };
		9ECA01FA21F9285B00743771 /* PhotoDetailViewController.swift */ = {isa = PBXFileReference; lastKnownFileType = sourcecode.swift; path = PhotoDetailViewController.swift; sourceTree = "<group>"; };
/* End PBXFileReference section */

/* Begin PBXFrameworksBuildPhase section */
		9ECA01D421F91A6200743771 /* Frameworks */ = {
			isa = PBXFrameworksBuildPhase;
			buildActionMask = 2147483647;
			files = (
			);
			runOnlyForDeploymentPostprocessing = 0;
		};
/* End PBXFrameworksBuildPhase section */

/* Begin PBXGroup section */
		9ECA01CE21F91A6200743771 = {
			isa = PBXGroup;
			children = (
				9ECA01D921F91A6200743771 /* MyPhotoCollection */,
				9ECA01D821F91A6200743771 /* Products */,
			);
			sourceTree = "<group>";
		};
		9ECA01D821F91A6200743771 /* Products */ = {
			isa = PBXGroup;
			children = (
				9ECA01D721F91A6200743771 /* MyPhotoCollection.app */,
			);
			name = Products;
			sourceTree = "<group>";
		};
		9ECA01D921F91A6200743771 /* MyPhotoCollection */ = {
			isa = PBXGroup;
			children = (
				9ECA01DA21F91A6200743771 /* AppDelegate.swift */,
				9ECA01DE21F91A6300743771 /* Main.storyboard */,
				9ECA01F121F91D4B00743771 /* Models */,
				9ECA01F021F91C6D00743771 /* Controllers */,
				9ECA01E121F91A8300743771 /* Assets.xcassets */,
				9ECA01E321F91A8400743771 /* LaunchScreen.storyboard */,
				9ECA01E621F91A8400743771 /* Info.plist */,
			);
			path = MyPhotoCollection;
			sourceTree = "<group>";
		};
		9ECA01F021F91C6D00743771 /* Controllers */ = {
			isa = PBXGroup;
			children = (
				9ECA01EE21F91C6100743771 /* PhotoController.swift */,
				9ECA01F221F91FCC00743771 /* ThemeHelper.swift */,
				9ECA01FC21F9286800743771 /* Views */,
			);
			path = Controllers;
			sourceTree = "<group>";
		};
		9ECA01F121F91D4B00743771 /* Models */ = {
			isa = PBXGroup;
			children = (
				9ECA01EC21F91BA700743771 /* Photo.swift */,
			);
			path = Models;
			sourceTree = "<group>";
		};
		9ECA01FC21F9286800743771 /* Views */ = {
			isa = PBXGroup;
			children = (
				9ECA01F421F9280400743771 /* PhotoCollectionViewController.swift */,
				9ECA01FA21F9285B00743771 /* PhotoDetailViewController.swift */,
				9ECA01F821F9284200743771 /* ThemeSelectionViewController.swift */,
				9ECA01F621F9281B00743771 /* PhotoCollectionViewCell.swift */,
			);
			path = Views;
			sourceTree = "<group>";
		};
/* End PBXGroup section */

/* Begin PBXNativeTarget section */
		9ECA01D621F91A6200743771 /* MyPhotoCollection */ = {
			isa = PBXNativeTarget;
			buildConfigurationList = 9ECA01E921F91A8400743771 /* Build configuration list for PBXNativeTarget "MyPhotoCollection" */;
			buildPhases = (
				9ECA01D321F91A6200743771 /* Sources */,
				9ECA01D421F91A6200743771 /* Frameworks */,
				9ECA01D521F91A6200743771 /* Resources */,
			);
			buildRules = (
			);
			dependencies = (
			);
			name = MyPhotoCollection;
			productName = MyPhotoCollection;
			productReference = 9ECA01D721F91A6200743771 /* MyPhotoCollection.app */;
			productType = "com.apple.product-type.application";
		};
/* End PBXNativeTarget section */

/* Begin PBXProject section */
		9ECA01CF21F91A6200743771 /* Project object */ = {
			isa = PBXProject;
			attributes = {
				LastSwiftUpdateCheck = 1010;
				LastUpgradeCheck = 1010;
				ORGANIZATIONNAME = "Diante Lewis-Jolley";
				TargetAttributes = {
					9ECA01D621F91A6200743771 = {
						CreatedOnToolsVersion = 10.1;
					};
				};
			};
			buildConfigurationList = 9ECA01D221F91A6200743771 /* Build configuration list for PBXProject "MyPhotoCollection" */;
			compatibilityVersion = "Xcode 9.3";
			developmentRegion = en;
			hasScannedForEncodings = 0;
			knownRegions = (
				en,
				Base,
			);
			mainGroup = 9ECA01CE21F91A6200743771;
			productRefGroup = 9ECA01D821F91A6200743771 /* Products */;
			projectDirPath = "";
			projectRoot = "";
			targets = (
				9ECA01D621F91A6200743771 /* MyPhotoCollection */,
			);
		};
/* End PBXProject section */

/* Begin PBXResourcesBuildPhase section */
		9ECA01D521F91A6200743771 /* Resources */ = {
			isa = PBXResourcesBuildPhase;
			buildActionMask = 2147483647;
			files = (
				9ECA01E521F91A8400743771 /* LaunchScreen.storyboard in Resources */,
				9ECA01E221F91A8300743771 /* Assets.xcassets in Resources */,
				9ECA01E021F91A6300743771 /* Main.storyboard in Resources */,
			);
			runOnlyForDeploymentPostprocessing = 0;
		};
/* End PBXResourcesBuildPhase section */

/* Begin PBXSourcesBuildPhase section */
		9ECA01D321F91A6200743771 /* Sources */ = {
			isa = PBXSourcesBuildPhase;
			buildActionMask = 2147483647;
			files = (
				9ECA01ED21F91BA700743771 /* Photo.swift in Sources */,
				9ECA01F921F9284200743771 /* ThemeSelectionViewController.swift in Sources */,
				9ECA01F521F9280400743771 /* PhotoCollectionViewController.swift in Sources */,
				9ECA01EF21F91C6100743771 /* PhotoController.swift in Sources */,
				9ECA01F721F9281B00743771 /* PhotoCollectionViewCell.swift in Sources */,
				9ECA01FB21F9285B00743771 /* PhotoDetailViewController.swift in Sources */,
				9ECA01F321F91FCC00743771 /* ThemeHelper.swift in Sources */,
				9ECA01DB21F91A6200743771 /* AppDelegate.swift in Sources */,
			);
			runOnlyForDeploymentPostprocessing = 0;
		};
/* End PBXSourcesBuildPhase section */

/* Begin PBXVariantGroup section */
		9ECA01DE21F91A6300743771 /* Main.storyboard */ = {
			isa = PBXVariantGroup;
			children = (
				9ECA01DF21F91A6300743771 /* Base */,
			);
			name = Main.storyboard;
			sourceTree = "<group>";
		};
		9ECA01E321F91A8400743771 /* LaunchScreen.storyboard */ = {
			isa = PBXVariantGroup;
			children = (
				9ECA01E421F91A8400743771 /* Base */,
			);
			name = LaunchScreen.storyboard;
			sourceTree = "<group>";
		};
/* End PBXVariantGroup section */

/* Begin XCBuildConfiguration section */
		9ECA01E721F91A8400743771 /* Debug */ = {
			isa = XCBuildConfiguration;
			buildSettings = {
				ALWAYS_SEARCH_USER_PATHS = NO;
				CLANG_ANALYZER_NONNULL = YES;
				CLANG_ANALYZER_NUMBER_OBJECT_CONVERSION = YES_AGGRESSIVE;
				CLANG_CXX_LANGUAGE_STANDARD = "gnu++14";
				CLANG_CXX_LIBRARY = "libc++";
				CLANG_ENABLE_MODULES = YES;
				CLANG_ENABLE_OBJC_ARC = YES;
				CLANG_ENABLE_OBJC_WEAK = YES;
				CLANG_WARN_BLOCK_CAPTURE_AUTORELEASING = YES;
				CLANG_WARN_BOOL_CONVERSION = YES;
				CLANG_WARN_COMMA = YES;
				CLANG_WARN_CONSTANT_CONVERSION = YES;
				CLANG_WARN_DEPRECATED_OBJC_IMPLEMENTATIONS = YES;
				CLANG_WARN_DIRECT_OBJC_ISA_USAGE = YES_ERROR;
				CLANG_WARN_DOCUMENTATION_COMMENTS = YES;
				CLANG_WARN_EMPTY_BODY = YES;
				CLANG_WARN_ENUM_CONVERSION = YES;
				CLANG_WARN_INFINITE_RECURSION = YES;
				CLANG_WARN_INT_CONVERSION = YES;
				CLANG_WARN_NON_LITERAL_NULL_CONVERSION = YES;
				CLANG_WARN_OBJC_IMPLICIT_RETAIN_SELF = YES;
				CLANG_WARN_OBJC_LITERAL_CONVERSION = YES;
				CLANG_WARN_OBJC_ROOT_CLASS = YES_ERROR;
				CLANG_WARN_RANGE_LOOP_ANALYSIS = YES;
				CLANG_WARN_STRICT_PROTOTYPES = YES;
				CLANG_WARN_SUSPICIOUS_MOVE = YES;
				CLANG_WARN_UNGUARDED_AVAILABILITY = YES_AGGRESSIVE;
				CLANG_WARN_UNREACHABLE_CODE = YES;
				CLANG_WARN__DUPLICATE_METHOD_MATCH = YES;
				CODE_SIGN_IDENTITY = "iPhone Developer";
				COPY_PHASE_STRIP = NO;
				DEBUG_INFORMATION_FORMAT = dwarf;
				ENABLE_STRICT_OBJC_MSGSEND = YES;
				ENABLE_TESTABILITY = YES;
				GCC_C_LANGUAGE_STANDARD = gnu11;
				GCC_DYNAMIC_NO_PIC = NO;
				GCC_NO_COMMON_BLOCKS = YES;
				GCC_OPTIMIZATION_LEVEL = 0;
				GCC_PREPROCESSOR_DEFINITIONS = (
					"DEBUG=1",
					"$(inherited)",
				);
				GCC_WARN_64_TO_32_BIT_CONVERSION = YES;
				GCC_WARN_ABOUT_RETURN_TYPE = YES_ERROR;
				GCC_WARN_UNDECLARED_SELECTOR = YES;
				GCC_WARN_UNINITIALIZED_AUTOS = YES_AGGRESSIVE;
				GCC_WARN_UNUSED_FUNCTION = YES;
				GCC_WARN_UNUSED_VARIABLE = YES;
				IPHONEOS_DEPLOYMENT_TARGET = 12.1;
				MTL_ENABLE_DEBUG_INFO = INCLUDE_SOURCE;
				MTL_FAST_MATH = YES;
				ONLY_ACTIVE_ARCH = YES;
				SDKROOT = iphoneos;
				SWIFT_ACTIVE_COMPILATION_CONDITIONS = DEBUG;
				SWIFT_OPTIMIZATION_LEVEL = "-Onone";
			};
			name = Debug;
		};
		9ECA01E821F91A8400743771 /* Release */ = {
			isa = XCBuildConfiguration;
			buildSettings = {
				ALWAYS_SEARCH_USER_PATHS = NO;
				CLANG_ANALYZER_NONNULL = YES;
				CLANG_ANALYZER_NUMBER_OBJECT_CONVERSION = YES_AGGRESSIVE;
				CLANG_CXX_LANGUAGE_STANDARD = "gnu++14";
				CLANG_CXX_LIBRARY = "libc++";
				CLANG_ENABLE_MODULES = YES;
				CLANG_ENABLE_OBJC_ARC = YES;
				CLANG_ENABLE_OBJC_WEAK = YES;
				CLANG_WARN_BLOCK_CAPTURE_AUTORELEASING = YES;
				CLANG_WARN_BOOL_CONVERSION = YES;
				CLANG_WARN_COMMA = YES;
				CLANG_WARN_CONSTANT_CONVERSION = YES;
				CLANG_WARN_DEPRECATED_OBJC_IMPLEMENTATIONS = YES;
				CLANG_WARN_DIRECT_OBJC_ISA_USAGE = YES_ERROR;
				CLANG_WARN_DOCUMENTATION_COMMENTS = YES;
				CLANG_WARN_EMPTY_BODY = YES;
				CLANG_WARN_ENUM_CONVERSION = YES;
				CLANG_WARN_INFINITE_RECURSION = YES;
				CLANG_WARN_INT_CONVERSION = YES;
				CLANG_WARN_NON_LITERAL_NULL_CONVERSION = YES;
				CLANG_WARN_OBJC_IMPLICIT_RETAIN_SELF = YES;
				CLANG_WARN_OBJC_LITERAL_CONVERSION = YES;
				CLANG_WARN_OBJC_ROOT_CLASS = YES_ERROR;
				CLANG_WARN_RANGE_LOOP_ANALYSIS = YES;
				CLANG_WARN_STRICT_PROTOTYPES = YES;
				CLANG_WARN_SUSPICIOUS_MOVE = YES;
				CLANG_WARN_UNGUARDED_AVAILABILITY = YES_AGGRESSIVE;
				CLANG_WARN_UNREACHABLE_CODE = YES;
				CLANG_WARN__DUPLICATE_METHOD_MATCH = YES;
				CODE_SIGN_IDENTITY = "iPhone Developer";
				COPY_PHASE_STRIP = NO;
				DEBUG_INFORMATION_FORMAT = "dwarf-with-dsym";
				ENABLE_NS_ASSERTIONS = NO;
				ENABLE_STRICT_OBJC_MSGSEND = YES;
				GCC_C_LANGUAGE_STANDARD = gnu11;
				GCC_NO_COMMON_BLOCKS = YES;
				GCC_WARN_64_TO_32_BIT_CONVERSION = YES;
				GCC_WARN_ABOUT_RETURN_TYPE = YES_ERROR;
				GCC_WARN_UNDECLARED_SELECTOR = YES;
				GCC_WARN_UNINITIALIZED_AUTOS = YES_AGGRESSIVE;
				GCC_WARN_UNUSED_FUNCTION = YES;
				GCC_WARN_UNUSED_VARIABLE = YES;
				IPHONEOS_DEPLOYMENT_TARGET = 12.1;
				MTL_ENABLE_DEBUG_INFO = NO;
				MTL_FAST_MATH = YES;
				SDKROOT = iphoneos;
				SWIFT_COMPILATION_MODE = wholemodule;
				SWIFT_OPTIMIZATION_LEVEL = "-O";
				VALIDATE_PRODUCT = YES;
			};
			name = Release;
		};
		9ECA01EA21F91A8400743771 /* Debug */ = {
			isa = XCBuildConfiguration;
			buildSettings = {
				ASSETCATALOG_COMPILER_APPICON_NAME = AppIcon;
				CODE_SIGN_STYLE = Automatic;
				DEVELOPMENT_TEAM = TP75B2J23B;
				INFOPLIST_FILE = MyPhotoCollection/Info.plist;
				LD_RUNPATH_SEARCH_PATHS = (
					"$(inherited)",
					"@executable_path/Frameworks",
				);
				PRODUCT_BUNDLE_IDENTIFIER = com.Diantelewisjolley.MyPhotoCollection;
				PRODUCT_NAME = "$(TARGET_NAME)";
				SWIFT_VERSION = 4.2;
				TARGETED_DEVICE_FAMILY = "1,2";
			};
			name = Debug;
		};
		9ECA01EB21F91A8400743771 /* Release */ = {
			isa = XCBuildConfiguration;
			buildSettings = {
				ASSETCATALOG_COMPILER_APPICON_NAME = AppIcon;
				CODE_SIGN_STYLE = Automatic;
				DEVELOPMENT_TEAM = TP75B2J23B;
				INFOPLIST_FILE = MyPhotoCollection/Info.plist;
				LD_RUNPATH_SEARCH_PATHS = (
					"$(inherited)",
					"@executable_path/Frameworks",
				);
				PRODUCT_BUNDLE_IDENTIFIER = com.Diantelewisjolley.MyPhotoCollection;
				PRODUCT_NAME = "$(TARGET_NAME)";
				SWIFT_VERSION = 4.2;
				TARGETED_DEVICE_FAMILY = "1,2";
			};
			name = Release;
		};
/* End XCBuildConfiguration section */

/* Begin XCConfigurationList section */
		9ECA01D221F91A6200743771 /* Build configuration list for PBXProject "MyPhotoCollection" */ = {
			isa = XCConfigurationList;
			buildConfigurations = (
				9ECA01E721F91A8400743771 /* Debug */,
				9ECA01E821F91A8400743771 /* Release */,
			);
			defaultConfigurationIsVisible = 0;
			defaultConfigurationName = Release;
		};
		9ECA01E921F91A8400743771 /* Build configuration list for PBXNativeTarget "MyPhotoCollection" */ = {
			isa = XCConfigurationList;
			buildConfigurations = (
				9ECA01EA21F91A8400743771 /* Debug */,
				9ECA01EB21F91A8400743771 /* Release */,
			);
			defaultConfigurationIsVisible = 0;
			defaultConfigurationName = Release;
		};
/* End XCConfigurationList section */
	};
	rootObject = 9ECA01CF21F91A6200743771 /* Project object */;
}
