// !$*UTF8*$!
{
	archiveVersion = 1;
	classes = {
	};
	objectVersion = 50;
	objects = {

/* Begin PBXBuildFile section */
		9EEB1BFA227B8E7600433FDD /* AppDelegate.swift in Sources */ = {isa = PBXBuildFile; fileRef = 9EEB1BF9227B8E7600433FDD /* AppDelegate.swift */; };
		9EEB1BFF227B8E7600433FDD /* Main.storyboard in Resources */ = {isa = PBXBuildFile; fileRef = 9EEB1BFD227B8E7600433FDD /* Main.storyboard */; };
		9EEB1C01227B8E8F00433FDD /* Assets.xcassets in Resources */ = {isa = PBXBuildFile; fileRef = 9EEB1C00227B8E8F00433FDD /* Assets.xcassets */; };
		9EEB1C04227B8E8F00433FDD /* LaunchScreen.storyboard in Resources */ = {isa = PBXBuildFile; fileRef = 9EEB1C02227B8E8F00433FDD /* LaunchScreen.storyboard */; };
		9EEB1C0C227B8FDE00433FDD /* Photo.swift in Sources */ = {isa = PBXBuildFile; fileRef = 9EEB1C0B227B8FDE00433FDD /* Photo.swift */; };
		9EEB1C0E227B908F00433FDD /* PhotoController.swift in Sources */ = {isa = PBXBuildFile; fileRef = 9EEB1C0D227B908F00433FDD /* PhotoController.swift */; };
		9EEB1C10227B93A900433FDD /* ThemeHelper.swift in Sources */ = {isa = PBXBuildFile; fileRef = 9EEB1C0F227B93A900433FDD /* ThemeHelper.swift */; };
		E8326AFC227B9F8200443A99 /* PhotosCollectionViewController.swift in Sources */ = {isa = PBXBuildFile; fileRef = E8326AFB227B9F8200443A99 /* PhotosCollectionViewController.swift */; };
		E8326AFE227B9FB100443A99 /* PhotosCollectionViewCell.swift in Sources */ = {isa = PBXBuildFile; fileRef = E8326AFD227B9FB100443A99 /* PhotosCollectionViewCell.swift */; };
		E8326B00227BA29100443A99 /* PhotoDetailViewController.swift in Sources */ = {isa = PBXBuildFile; fileRef = E8326AFF227BA29100443A99 /* PhotoDetailViewController.swift */; };
		E8326B02227BA60200443A99 /* ThemeSelectionViewController.swift in Sources */ = {isa = PBXBuildFile; fileRef = E8326B01227BA60200443A99 /* ThemeSelectionViewController.swift */; };
/* End PBXBuildFile section */

/* Begin PBXFileReference section */
		9EEB1BF6227B8E7600433FDD /* PhotoCollectionHectorJohnDiante.app */ = {isa = PBXFileReference; explicitFileType = wrapper.application; includeInIndex = 0; path = PhotoCollectionHectorJohnDiante.app; sourceTree = BUILT_PRODUCTS_DIR; };
		9EEB1BF9227B8E7600433FDD /* AppDelegate.swift */ = {isa = PBXFileReference; lastKnownFileType = sourcecode.swift; path = AppDelegate.swift; sourceTree = "<group>"; };
		9EEB1BFE227B8E7600433FDD /* Base */ = {isa = PBXFileReference; lastKnownFileType = file.storyboard; name = Base; path = Base.lproj/Main.storyboard; sourceTree = "<group>"; };
		9EEB1C00227B8E8F00433FDD /* Assets.xcassets */ = {isa = PBXFileReference; lastKnownFileType = folder.assetcatalog; path = Assets.xcassets; sourceTree = "<group>"; };
		9EEB1C03227B8E8F00433FDD /* Base */ = {isa = PBXFileReference; lastKnownFileType = file.storyboard; name = Base; path = Base.lproj/LaunchScreen.storyboard; sourceTree = "<group>"; };
		9EEB1C05227B8E8F00433FDD /* Info.plist */ = {isa = PBXFileReference; lastKnownFileType = text.plist.xml; path = Info.plist; sourceTree = "<group>"; };
		9EEB1C0B227B8FDE00433FDD /* Photo.swift */ = {isa = PBXFileReference; lastKnownFileType = sourcecode.swift; path = Photo.swift; sourceTree = "<group>"; };
		9EEB1C0D227B908F00433FDD /* PhotoController.swift */ = {isa = PBXFileReference; lastKnownFileType = sourcecode.swift; path = PhotoController.swift; sourceTree = "<group>"; };
		9EEB1C0F227B93A900433FDD /* ThemeHelper.swift */ = {isa = PBXFileReference; lastKnownFileType = sourcecode.swift; path = ThemeHelper.swift; sourceTree = "<group>"; };
		E8326AFB227B9F8200443A99 /* PhotosCollectionViewController.swift */ = {isa = PBXFileReference; lastKnownFileType = sourcecode.swift; path = PhotosCollectionViewController.swift; sourceTree = "<group>"; };
		E8326AFD227B9FB100443A99 /* PhotosCollectionViewCell.swift */ = {isa = PBXFileReference; lastKnownFileType = sourcecode.swift; path = PhotosCollectionViewCell.swift; sourceTree = "<group>"; };
		E8326AFF227BA29100443A99 /* PhotoDetailViewController.swift */ = {isa = PBXFileReference; lastKnownFileType = sourcecode.swift; path = PhotoDetailViewController.swift; sourceTree = "<group>"; };
		E8326B01227BA60200443A99 /* ThemeSelectionViewController.swift */ = {isa = PBXFileReference; lastKnownFileType = sourcecode.swift; path = ThemeSelectionViewController.swift; sourceTree = "<group>"; };
/* End PBXFileReference section */

/* Begin PBXFrameworksBuildPhase section */
		9EEB1BF3227B8E7600433FDD /* Frameworks */ = {
			isa = PBXFrameworksBuildPhase;
			buildActionMask = 2147483647;
			files = (
			);
			runOnlyForDeploymentPostprocessing = 0;
		};
/* End PBXFrameworksBuildPhase section */

/* Begin PBXGroup section */
		9EEB1BED227B8E7600433FDD = {
			isa = PBXGroup;
			children = (
				9EEB1BF8227B8E7600433FDD /* PhotoCollectionHectorJohnDiante */,
				9EEB1BF7227B8E7600433FDD /* Products */,
			);
			sourceTree = "<group>";
		};
		9EEB1BF7227B8E7600433FDD /* Products */ = {
			isa = PBXGroup;
			children = (
				9EEB1BF6227B8E7600433FDD /* PhotoCollectionHectorJohnDiante.app */,
			);
			name = Products;
			sourceTree = "<group>";
		};
		9EEB1BF8227B8E7600433FDD /* PhotoCollectionHectorJohnDiante */ = {
			isa = PBXGroup;
			children = (
				9EEB1C0B227B8FDE00433FDD /* Photo.swift */,
				9EEB1C0F227B93A900433FDD /* ThemeHelper.swift */,
				9EEB1C0D227B908F00433FDD /* PhotoController.swift */,
				E8326B01227BA60200443A99 /* ThemeSelectionViewController.swift */,
				E8326AFB227B9F8200443A99 /* PhotosCollectionViewController.swift */,
				E8326AFD227B9FB100443A99 /* PhotosCollectionViewCell.swift */,
				E8326AFF227BA29100443A99 /* PhotoDetailViewController.swift */,
				9EEB1BFD227B8E7600433FDD /* Main.storyboard */,
				9EEB1BF9227B8E7600433FDD /* AppDelegate.swift */,
				9EEB1C00227B8E8F00433FDD /* Assets.xcassets */,
				9EEB1C02227B8E8F00433FDD /* LaunchScreen.storyboard */,
				9EEB1C05227B8E8F00433FDD /* Info.plist */,
			);
			path = PhotoCollectionHectorJohnDiante;
			sourceTree = "<group>";
		};
/* End PBXGroup section */

/* Begin PBXNativeTarget section */
		9EEB1BF5227B8E7600433FDD /* PhotoCollectionHectorJohnDiante */ = {
			isa = PBXNativeTarget;
			buildConfigurationList = 9EEB1C08227B8E8F00433FDD /* Build configuration list for PBXNativeTarget "PhotoCollectionHectorJohnDiante" */;
			buildPhases = (
				9EEB1BF2227B8E7600433FDD /* Sources */,
				9EEB1BF3227B8E7600433FDD /* Frameworks */,
				9EEB1BF4227B8E7600433FDD /* Resources */,
			);
			buildRules = (
			);
			dependencies = (
			);
			name = PhotoCollectionHectorJohnDiante;
			productName = PhotoCollectionHectorJohnDiante;
			productReference = 9EEB1BF6227B8E7600433FDD /* PhotoCollectionHectorJohnDiante.app */;
			productType = "com.apple.product-type.application";
		};
/* End PBXNativeTarget section */

/* Begin PBXProject section */
		9EEB1BEE227B8E7600433FDD /* Project object */ = {
			isa = PBXProject;
			attributes = {
				LastSwiftUpdateCheck = 1010;
				LastUpgradeCheck = 1010;
				ORGANIZATIONNAME = "Diante Lewis-Jolley";
				TargetAttributes = {
					9EEB1BF5227B8E7600433FDD = {
						CreatedOnToolsVersion = 10.1;
					};
				};
			};
			buildConfigurationList = 9EEB1BF1227B8E7600433FDD /* Build configuration list for PBXProject "PhotoCollectionHectorJohnDiante" */;
			compatibilityVersion = "Xcode 9.3";
			developmentRegion = en;
			hasScannedForEncodings = 0;
			knownRegions = (
				en,
				Base,
			);
			mainGroup = 9EEB1BED227B8E7600433FDD;
			productRefGroup = 9EEB1BF7227B8E7600433FDD /* Products */;
			projectDirPath = "";
			projectRoot = "";
			targets = (
				9EEB1BF5227B8E7600433FDD /* PhotoCollectionHectorJohnDiante */,
			);
		};
/* End PBXProject section */

/* Begin PBXResourcesBuildPhase section */
		9EEB1BF4227B8E7600433FDD /* Resources */ = {
			isa = PBXResourcesBuildPhase;
			buildActionMask = 2147483647;
			files = (
				9EEB1C04227B8E8F00433FDD /* LaunchScreen.storyboard in Resources */,
				9EEB1C01227B8E8F00433FDD /* Assets.xcassets in Resources */,
				9EEB1BFF227B8E7600433FDD /* Main.storyboard in Resources */,
			);
			runOnlyForDeploymentPostprocessing = 0;
		};
/* End PBXResourcesBuildPhase section */

/* Begin PBXSourcesBuildPhase section */
		9EEB1BF2227B8E7600433FDD /* Sources */ = {
			isa = PBXSourcesBuildPhase;
			buildActionMask = 2147483647;
			files = (
				9EEB1C0C227B8FDE00433FDD /* Photo.swift in Sources */,
				E8326B02227BA60200443A99 /* ThemeSelectionViewController.swift in Sources */,
				9EEB1C0E227B908F00433FDD /* PhotoController.swift in Sources */,
				9EEB1C10227B93A900433FDD /* ThemeHelper.swift in Sources */,
				E8326B00227BA29100443A99 /* PhotoDetailViewController.swift in Sources */,
				E8326AFC227B9F8200443A99 /* PhotosCollectionViewController.swift in Sources */,
				9EEB1BFA227B8E7600433FDD /* AppDelegate.swift in Sources */,
				E8326AFE227B9FB100443A99 /* PhotosCollectionViewCell.swift in Sources */,
			);
			runOnlyForDeploymentPostprocessing = 0;
		};
/* End PBXSourcesBuildPhase section */

/* Begin PBXVariantGroup section */
		9EEB1BFD227B8E7600433FDD /* Main.storyboard */ = {
			isa = PBXVariantGroup;
			children = (
				9EEB1BFE227B8E7600433FDD /* Base */,
			);
			name = Main.storyboard;
			sourceTree = "<group>";
		};
		9EEB1C02227B8E8F00433FDD /* LaunchScreen.storyboard */ = {
			isa = PBXVariantGroup;
			children = (
				9EEB1C03227B8E8F00433FDD /* Base */,
			);
			name = LaunchScreen.storyboard;
			sourceTree = "<group>";
		};
/* End PBXVariantGroup section */

/* Begin XCBuildConfiguration section */
		9EEB1C06227B8E8F00433FDD /* Debug */ = {
			isa = XCBuildConfiguration;
			buildSettings = {
				ALWAYS_SEARCH_USER_PATHS = NO;
				CLANG_ANALYZER_NONNULL = YES;
				CLANG_ANALYZER_NUMBER_OBJECT_CONVERSION = YES_AGGRESSIVE;
				CLANG_CXX_LANGUAGE_STANDARD = "gnu++14";
				CLANG_CXX_LIBRARY = "libc++";
				CLANG_ENABLE_MODULES = YES;
				CLANG_ENABLE_OBJC_ARC = YES;
				CLANG_ENABLE_OBJC_WEAK = YES;
				CLANG_WARN_BLOCK_CAPTURE_AUTORELEASING = YES;
				CLANG_WARN_BOOL_CONVERSION = YES;
				CLANG_WARN_COMMA = YES;
				CLANG_WARN_CONSTANT_CONVERSION = YES;
				CLANG_WARN_DEPRECATED_OBJC_IMPLEMENTATIONS = YES;
				CLANG_WARN_DIRECT_OBJC_ISA_USAGE = YES_ERROR;
				CLANG_WARN_DOCUMENTATION_COMMENTS = YES;
				CLANG_WARN_EMPTY_BODY = YES;
				CLANG_WARN_ENUM_CONVERSION = YES;
				CLANG_WARN_INFINITE_RECURSION = YES;
				CLANG_WARN_INT_CONVERSION = YES;
				CLANG_WARN_NON_LITERAL_NULL_CONVERSION = YES;
				CLANG_WARN_OBJC_IMPLICIT_RETAIN_SELF = YES;
				CLANG_WARN_OBJC_LITERAL_CONVERSION = YES;
				CLANG_WARN_OBJC_ROOT_CLASS = YES_ERROR;
				CLANG_WARN_RANGE_LOOP_ANALYSIS = YES;
				CLANG_WARN_STRICT_PROTOTYPES = YES;
				CLANG_WARN_SUSPICIOUS_MOVE = YES;
				CLANG_WARN_UNGUARDED_AVAILABILITY = YES_AGGRESSIVE;
				CLANG_WARN_UNREACHABLE_CODE = YES;
				CLANG_WARN__DUPLICATE_METHOD_MATCH = YES;
				CODE_SIGN_IDENTITY = "iPhone Developer";
				COPY_PHASE_STRIP = NO;
				DEBUG_INFORMATION_FORMAT = dwarf;
				ENABLE_STRICT_OBJC_MSGSEND = YES;
				ENABLE_TESTABILITY = YES;
				GCC_C_LANGUAGE_STANDARD = gnu11;
				GCC_DYNAMIC_NO_PIC = NO;
				GCC_NO_COMMON_BLOCKS = YES;
				GCC_OPTIMIZATION_LEVEL = 0;
				GCC_PREPROCESSOR_DEFINITIONS = (
					"DEBUG=1",
					"$(inherited)",
				);
				GCC_WARN_64_TO_32_BIT_CONVERSION = YES;
				GCC_WARN_ABOUT_RETURN_TYPE = YES_ERROR;
				GCC_WARN_UNDECLARED_SELECTOR = YES;
				GCC_WARN_UNINITIALIZED_AUTOS = YES_AGGRESSIVE;
				GCC_WARN_UNUSED_FUNCTION = YES;
				GCC_WARN_UNUSED_VARIABLE = YES;
				IPHONEOS_DEPLOYMENT_TARGET = 12.1;
				MTL_ENABLE_DEBUG_INFO = INCLUDE_SOURCE;
				MTL_FAST_MATH = YES;
				ONLY_ACTIVE_ARCH = YES;
				SDKROOT = iphoneos;
				SWIFT_ACTIVE_COMPILATION_CONDITIONS = DEBUG;
				SWIFT_OPTIMIZATION_LEVEL = "-Onone";
			};
			name = Debug;
		};
		9EEB1C07227B8E8F00433FDD /* Release */ = {
			isa = XCBuildConfiguration;
			buildSettings = {
				ALWAYS_SEARCH_USER_PATHS = NO;
				CLANG_ANALYZER_NONNULL = YES;
				CLANG_ANALYZER_NUMBER_OBJECT_CONVERSION = YES_AGGRESSIVE;
				CLANG_CXX_LANGUAGE_STANDARD = "gnu++14";
				CLANG_CXX_LIBRARY = "libc++";
				CLANG_ENABLE_MODULES = YES;
				CLANG_ENABLE_OBJC_ARC = YES;
				CLANG_ENABLE_OBJC_WEAK = YES;
				CLANG_WARN_BLOCK_CAPTURE_AUTORELEASING = YES;
				CLANG_WARN_BOOL_CONVERSION = YES;
				CLANG_WARN_COMMA = YES;
				CLANG_WARN_CONSTANT_CONVERSION = YES;
				CLANG_WARN_DEPRECATED_OBJC_IMPLEMENTATIONS = YES;
				CLANG_WARN_DIRECT_OBJC_ISA_USAGE = YES_ERROR;
				CLANG_WARN_DOCUMENTATION_COMMENTS = YES;
				CLANG_WARN_EMPTY_BODY = YES;
				CLANG_WARN_ENUM_CONVERSION = YES;
				CLANG_WARN_INFINITE_RECURSION = YES;
				CLANG_WARN_INT_CONVERSION = YES;
				CLANG_WARN_NON_LITERAL_NULL_CONVERSION = YES;
				CLANG_WARN_OBJC_IMPLICIT_RETAIN_SELF = YES;
				CLANG_WARN_OBJC_LITERAL_CONVERSION = YES;
				CLANG_WARN_OBJC_ROOT_CLASS = YES_ERROR;
				CLANG_WARN_RANGE_LOOP_ANALYSIS = YES;
				CLANG_WARN_STRICT_PROTOTYPES = YES;
				CLANG_WARN_SUSPICIOUS_MOVE = YES;
				CLANG_WARN_UNGUARDED_AVAILABILITY = YES_AGGRESSIVE;
				CLANG_WARN_UNREACHABLE_CODE = YES;
				CLANG_WARN__DUPLICATE_METHOD_MATCH = YES;
				CODE_SIGN_IDENTITY = "iPhone Developer";
				COPY_PHASE_STRIP = NO;
				DEBUG_INFORMATION_FORMAT = "dwarf-with-dsym";
				ENABLE_NS_ASSERTIONS = NO;
				ENABLE_STRICT_OBJC_MSGSEND = YES;
				GCC_C_LANGUAGE_STANDARD = gnu11;
				GCC_NO_COMMON_BLOCKS = YES;
				GCC_WARN_64_TO_32_BIT_CONVERSION = YES;
				GCC_WARN_ABOUT_RETURN_TYPE = YES_ERROR;
				GCC_WARN_UNDECLARED_SELECTOR = YES;
				GCC_WARN_UNINITIALIZED_AUTOS = YES_AGGRESSIVE;
				GCC_WARN_UNUSED_FUNCTION = YES;
				GCC_WARN_UNUSED_VARIABLE = YES;
				IPHONEOS_DEPLOYMENT_TARGET = 12.1;
				MTL_ENABLE_DEBUG_INFO = NO;
				MTL_FAST_MATH = YES;
				SDKROOT = iphoneos;
				SWIFT_COMPILATION_MODE = wholemodule;
				SWIFT_OPTIMIZATION_LEVEL = "-O";
				VALIDATE_PRODUCT = YES;
			};
			name = Release;
		};
		9EEB1C09227B8E8F00433FDD /* Debug */ = {
			isa = XCBuildConfiguration;
			buildSettings = {
				ASSETCATALOG_COMPILER_APPICON_NAME = AppIcon;
				CODE_SIGN_STYLE = Automatic;
				DEVELOPMENT_TEAM = TP75B2J23B;
				INFOPLIST_FILE = PhotoCollectionHectorJohnDiante/Info.plist;
				LD_RUNPATH_SEARCH_PATHS = (
					"$(inherited)",
					"@executable_path/Frameworks",
				);
				PRODUCT_BUNDLE_IDENTIFIER = com.Diantelewisjolley.PhotoCollectionHectorJohnDiante;
				PRODUCT_NAME = "$(TARGET_NAME)";
				SWIFT_VERSION = 4.2;
				TARGETED_DEVICE_FAMILY = "1,2";
			};
			name = Debug;
		};
		9EEB1C0A227B8E8F00433FDD /* Release */ = {
			isa = XCBuildConfiguration;
			buildSettings = {
				ASSETCATALOG_COMPILER_APPICON_NAME = AppIcon;
				CODE_SIGN_STYLE = Automatic;
				DEVELOPMENT_TEAM = TP75B2J23B;
				INFOPLIST_FILE = PhotoCollectionHectorJohnDiante/Info.plist;
				LD_RUNPATH_SEARCH_PATHS = (
					"$(inherited)",
					"@executable_path/Frameworks",
				);
				PRODUCT_BUNDLE_IDENTIFIER = com.Diantelewisjolley.PhotoCollectionHectorJohnDiante;
				PRODUCT_NAME = "$(TARGET_NAME)";
				SWIFT_VERSION = 4.2;
				TARGETED_DEVICE_FAMILY = "1,2";
			};
			name = Release;
		};
/* End XCBuildConfiguration section */

/* Begin XCConfigurationList section */
		9EEB1BF1227B8E7600433FDD /* Build configuration list for PBXProject "PhotoCollectionHectorJohnDiante" */ = {
			isa = XCConfigurationList;
			buildConfigurations = (
				9EEB1C06227B8E8F00433FDD /* Debug */,
				9EEB1C07227B8E8F00433FDD /* Release */,
			);
			defaultConfigurationIsVisible = 0;
			defaultConfigurationName = Release;
		};
		9EEB1C08227B8E8F00433FDD /* Build configuration list for PBXNativeTarget "PhotoCollectionHectorJohnDiante" */ = {
			isa = XCConfigurationList;
			buildConfigurations = (
				9EEB1C09227B8E8F00433FDD /* Debug */,
				9EEB1C0A227B8E8F00433FDD /* Release */,
			);
			defaultConfigurationIsVisible = 0;
			defaultConfigurationName = Release;
		};
/* End XCConfigurationList section */
	};
	rootObject = 9EEB1BEE227B8E7600433FDD /* Project object */;
}
